
Microsoft Visual Studio Solution File, Format Version 12.00
# Visual Studio 15
VisualStudioVersion = 15.0.27703.2026
MinimumVisualStudioVersion = 10.0.40219.1
Project("{FAE04EC0-301F-11D3-BF4B-00C04F79EFBC}") = "DesignPattern.Entity", "DesignPattern.Entity\DesignPattern.Entity.csproj", "{6B86149A-85FA-46BE-99DE-57D8E905C404}"
EndProject
Project("{FAE04EC0-301F-11D3-BF4B-00C04F79EFBC}") = "DesignPattern.BLL", "DesignPattern.BLL\DesignPattern.BLL.csproj", "{C191C772-7C7E-408B-8824-624DE0BDFBD1}"
EndProject
Project("{FAE04EC0-301F-11D3-BF4B-00C04F79EFBC}") = "DesignPattern.ConsoleApp", "DesignPattern.ConsoleApp\DesignPattern.ConsoleApp.csproj", "{002F4BDF-645C-4FD3-BB7F-DCBD16DEAB31}"
EndProject
Global
	GlobalSection(SolutionConfigurationPlatforms) = preSolution
		Debug|Any CPU = Debug|Any CPU
		Release|Any CPU = Release|Any CPU
	EndGlobalSection
	GlobalSection(ProjectConfigurationPlatforms) = postSolution
		{6B86149A-85FA-46BE-99DE-57D8E905C404}.Debug|Any CPU.ActiveCfg = Debug|Any CPU
		{6B86149A-85FA-46BE-99DE-57D8E905C404}.Debug|Any CPU.Build.0 = Debug|Any CPU
		{6B86149A-85FA-46BE-99DE-57D8E905C404}.Release|Any CPU.ActiveCfg = Release|Any CPU
		{6B86149A-85FA-46BE-99DE-57D8E905C404}.Release|Any CPU.Build.0 = Release|Any CPU
		{C191C772-7C7E-408B-8824-624DE0BDFBD1}.Debug|Any CPU.ActiveCfg = Debug|Any CPU
		{C191C772-7C7E-408B-8824-624DE0BDFBD1}.Debug|Any CPU.Build.0 = Debug|Any CPU
		{C191C772-7C7E-408B-8824-624DE0BDFBD1}.Release|Any CPU.ActiveCfg = Release|Any CPU
		{C191C772-7C7E-408B-8824-624DE0BDFBD1}.Release|Any CPU.Build.0 = Release|Any CPU
		{002F4BDF-645C-4FD3-BB7F-DCBD16DEAB31}.Debug|Any CPU.ActiveCfg = Debug|Any CPU
		{002F4BDF-645C-4FD3-BB7F-DCBD16DEAB31}.Debug|Any CPU.Build.0 = Debug|Any CPU
		{002F4BDF-645C-4FD3-BB7F-DCBD16DEAB31}.Release|Any CPU.ActiveCfg = Release|Any CPU
		{002F4BDF-645C-4FD3-BB7F-DCBD16DEAB31}.Release|Any CPU.Build.0 = Release|Any CPU
	EndGlobalSection
	GlobalSection(SolutionProperties) = preSolution
		HideSolutionNode = FALSE
	EndGlobalSection
	GlobalSection(ExtensibilityGlobals) = postSolution
		SolutionGuid = {E42DB936-68CE-4FC7-A42A-8DD679B6DDB7}
	EndGlobalSection
EndGlobal
