
Microsoft Visual Studio Solution File, Format Version 12.00
# Visual Studio 15
VisualStudioVersion = 15.0.27703.2026
MinimumVisualStudioVersion = 10.0.40219.1
Project("{FAE04EC0-301F-11D3-BF4B-00C04F79EFBC}") = "DesignPattern.Entity", "DesignPattern.Entity\DesignPattern.Entity.csproj", "{6B86149A-85FA-46BE-99DE-57D8E905C404}"
EndProject
Project("{FAE04EC0-301F-11D3-BF4B-00C04F79EFBC}") = "DesignPattern.BLL", "DesignPattern.BLL\DesignPattern.BLL.csproj", "{C191C772-7C7E-408B-8824-624DE0BDFBD1}"
EndProject
Project("{FAE04EC0-301F-11D3-BF4B-00C04F79EFBC}") = "DesignPattern.ConsoleApp", "DesignPattern.ConsoleApp\DesignPattern.ConsoleApp.csproj", "{002F4BDF-645C-4FD3-BB7F-DCBD16DEAB31}"
EndProject
Project("{FAE04EC0-301F-11D3-BF4B-00C04F79EFBC}") = "DesignPattern.WebApp", "DesignPattern.WebApp\DesignPattern.WebApp.csproj", "{88F1D18E-5578-4388-873B-E1AC77DC7C53}"
EndProject
Project("{2150E333-8FDC-42A3-9474-1A3956D46DE8}") = "DesignPatterns", "DesignPatterns", "{5EFB1C5D-56BA-408D-A7DD-7F7F4FE3B1AA}"
EndProject
Project("{2150E333-8FDC-42A3-9474-1A3956D46DE8}") = "DesktopApp", "DesktopApp", "{65C05E5C-08E2-46F9-BF6A-8CA9EC3360DF}"
EndProject
Project("{2150E333-8FDC-42A3-9474-1A3956D46DE8}") = "WebApp", "WebApp", "{71E9982E-6C7F-465A-A742-1CCA26980095}"
EndProject
Project("{FAE04EC0-301F-11D3-BF4B-00C04F79EFBC}") = "DesignPattern.WebApp.BLL", "DesignPattern.WebApp.BLL\DesignPattern.WebApp.BLL.csproj", "{597F539C-8796-43A0-9856-6420D1E65E1D}"
EndProject
Project("{FAE04EC0-301F-11D3-BF4B-00C04F79EFBC}") = "DesignPattern.WebApp.Interfaces", "DesignPattern.WebApp.Interfaces\DesignPattern.WebApp.Interfaces.csproj", "{52BBC8DA-ADBD-4CD5-B526-3013174843C4}"
EndProject
Project("{FAE04EC0-301F-11D3-BF4B-00C04F79EFBC}") = "DesignPattern.WebApp.Entity", "DesignPattern.WebApp.Entity\DesignPattern.WebApp.Entity.csproj", "{E37D01C9-3EB7-40B5-8B3C-00CD3572C246}"
EndProject
Global
	GlobalSection(SolutionConfigurationPlatforms) = preSolution
		Debug|Any CPU = Debug|Any CPU
		Release|Any CPU = Release|Any CPU
	EndGlobalSection
	GlobalSection(ProjectConfigurationPlatforms) = postSolution
		{6B86149A-85FA-46BE-99DE-57D8E905C404}.Debug|Any CPU.ActiveCfg = Debug|Any CPU
		{6B86149A-85FA-46BE-99DE-57D8E905C404}.Debug|Any CPU.Build.0 = Debug|Any CPU
		{6B86149A-85FA-46BE-99DE-57D8E905C404}.Release|Any CPU.ActiveCfg = Release|Any CPU
		{6B86149A-85FA-46BE-99DE-57D8E905C404}.Release|Any CPU.Build.0 = Release|Any CPU
		{C191C772-7C7E-408B-8824-624DE0BDFBD1}.Debug|Any CPU.ActiveCfg = Debug|Any CPU
		{C191C772-7C7E-408B-8824-624DE0BDFBD1}.Debug|Any CPU.Build.0 = Debug|Any CPU
		{C191C772-7C7E-408B-8824-624DE0BDFBD1}.Release|Any CPU.ActiveCfg = Release|Any CPU
		{C191C772-7C7E-408B-8824-624DE0BDFBD1}.Release|Any CPU.Build.0 = Release|Any CPU
		{002F4BDF-645C-4FD3-BB7F-DCBD16DEAB31}.Debug|Any CPU.ActiveCfg = Debug|Any CPU
		{002F4BDF-645C-4FD3-BB7F-DCBD16DEAB31}.Debug|Any CPU.Build.0 = Debug|Any CPU
		{002F4BDF-645C-4FD3-BB7F-DCBD16DEAB31}.Release|Any CPU.ActiveCfg = Release|Any CPU
		{002F4BDF-645C-4FD3-BB7F-DCBD16DEAB31}.Release|Any CPU.Build.0 = Release|Any CPU
		{88F1D18E-5578-4388-873B-E1AC77DC7C53}.Debug|Any CPU.ActiveCfg = Debug|Any CPU
		{88F1D18E-5578-4388-873B-E1AC77DC7C53}.Debug|Any CPU.Build.0 = Debug|Any CPU
		{88F1D18E-5578-4388-873B-E1AC77DC7C53}.Release|Any CPU.ActiveCfg = Release|Any CPU
		{88F1D18E-5578-4388-873B-E1AC77DC7C53}.Release|Any CPU.Build.0 = Release|Any CPU
		{597F539C-8796-43A0-9856-6420D1E65E1D}.Debug|Any CPU.ActiveCfg = Debug|Any CPU
		{597F539C-8796-43A0-9856-6420D1E65E1D}.Debug|Any CPU.Build.0 = Debug|Any CPU
		{597F539C-8796-43A0-9856-6420D1E65E1D}.Release|Any CPU.ActiveCfg = Release|Any CPU
		{597F539C-8796-43A0-9856-6420D1E65E1D}.Release|Any CPU.Build.0 = Release|Any CPU
		{52BBC8DA-ADBD-4CD5-B526-3013174843C4}.Debug|Any CPU.ActiveCfg = Debug|Any CPU
		{52BBC8DA-ADBD-4CD5-B526-3013174843C4}.Debug|Any CPU.Build.0 = Debug|Any CPU
		{52BBC8DA-ADBD-4CD5-B526-3013174843C4}.Release|Any CPU.ActiveCfg = Release|Any CPU
		{52BBC8DA-ADBD-4CD5-B526-3013174843C4}.Release|Any CPU.Build.0 = Release|Any CPU
		{E37D01C9-3EB7-40B5-8B3C-00CD3572C246}.Debug|Any CPU.ActiveCfg = Debug|Any CPU
		{E37D01C9-3EB7-40B5-8B3C-00CD3572C246}.Debug|Any CPU.Build.0 = Debug|Any CPU
		{E37D01C9-3EB7-40B5-8B3C-00CD3572C246}.Release|Any CPU.ActiveCfg = Release|Any CPU
		{E37D01C9-3EB7-40B5-8B3C-00CD3572C246}.Release|Any CPU.Build.0 = Release|Any CPU
	EndGlobalSection
	GlobalSection(SolutionProperties) = preSolution
		HideSolutionNode = FALSE
	EndGlobalSection
	GlobalSection(NestedProjects) = preSolution
		{6B86149A-85FA-46BE-99DE-57D8E905C404} = {5EFB1C5D-56BA-408D-A7DD-7F7F4FE3B1AA}
		{C191C772-7C7E-408B-8824-624DE0BDFBD1} = {5EFB1C5D-56BA-408D-A7DD-7F7F4FE3B1AA}
		{002F4BDF-645C-4FD3-BB7F-DCBD16DEAB31} = {65C05E5C-08E2-46F9-BF6A-8CA9EC3360DF}
		{88F1D18E-5578-4388-873B-E1AC77DC7C53} = {71E9982E-6C7F-465A-A742-1CCA26980095}
		{597F539C-8796-43A0-9856-6420D1E65E1D} = {71E9982E-6C7F-465A-A742-1CCA26980095}
		{52BBC8DA-ADBD-4CD5-B526-3013174843C4} = {71E9982E-6C7F-465A-A742-1CCA26980095}
		{E37D01C9-3EB7-40B5-8B3C-00CD3572C246} = {71E9982E-6C7F-465A-A742-1CCA26980095}
	EndGlobalSection
	GlobalSection(ExtensibilityGlobals) = postSolution
		SolutionGuid = {E42DB936-68CE-4FC7-A42A-8DD679B6DDB7}
	EndGlobalSection
EndGlobal
